
Microsoft Visual Studio Solution File, Format Version 12.00
# Visual Studio 15
VisualStudioVersion = 15.0.28010.2041
MinimumVisualStudioVersion = 10.0.40219.1
Project("{E24C65DC-7377-472B-9ABA-BC803B73C61A}") = "RegeTutorialsCMS", ".", "{5233B310-D172-4FBF-92BE-50050B09D191}"
	ProjectSection(WebsiteProperties) = preProject
		TargetFrameworkMoniker = ".NETFramework,Version%3Dv4.5"
		Debug.AspNetCompiler.VirtualPath = "/localhost_63413"
		Debug.AspNetCompiler.PhysicalPath = "..\RegeTutorialsCMS\"
		Debug.AspNetCompiler.TargetPath = "PrecompiledWeb\localhost_63413\"
		Debug.AspNetCompiler.Updateable = "true"
		Debug.AspNetCompiler.ForceOverwrite = "true"
		Debug.AspNetCompiler.FixedNames = "false"
		Debug.AspNetCompiler.Debug = "True"
		Release.AspNetCompiler.VirtualPath = "/localhost_63413"
		Release.AspNetCompiler.PhysicalPath = "..\RegeTutorialsCMS\"
		Release.AspNetCompiler.TargetPath = "PrecompiledWeb\localhost_63413\"
		Release.AspNetCompiler.Updateable = "true"
		Release.AspNetCompiler.ForceOverwrite = "true"
		Release.AspNetCompiler.FixedNames = "false"
		Release.AspNetCompiler.Debug = "False"
		VWDPort = "63413"
		SlnRelativePath = "..\RegeTutorialsCMS\"
	EndProjectSection
EndProject
Global
	GlobalSection(SolutionConfigurationPlatforms) = preSolution
		Debug|Any CPU = Debug|Any CPU
	EndGlobalSection
	GlobalSection(ProjectConfigurationPlatforms) = postSolution
		{5233B310-D172-4FBF-92BE-50050B09D191}.Debug|Any CPU.ActiveCfg = Debug|Any CPU
		{5233B310-D172-4FBF-92BE-50050B09D191}.Debug|Any CPU.Build.0 = Debug|Any CPU
	EndGlobalSection
	GlobalSection(SolutionProperties) = preSolution
		HideSolutionNode = FALSE
	EndGlobalSection
	GlobalSection(ExtensibilityGlobals) = postSolution
		SolutionGuid = {310F09C1-B1B2-452F-A0AE-8A7C7D287B88}
	EndGlobalSection
EndGlobal
